
Microsoft Visual Studio Solution File, Format Version 12.00
# Visual Studio Version 17
VisualStudioVersion = 17.14.36603.0
MinimumVisualStudioVersion = 10.0.40219.1
Project("{FAE04EC0-301F-11D3-BF4B-00C04F79EFBC}") = "Canguru.WPF", "Canguru.WPF.csproj", "{FED1CBD3-D2B6-4700-BF7E-2E7999B82FD3}"
EndProject
Project("{FAE04EC0-301F-11D3-BF4B-00C04F79EFBC}") = "Canguru.Core", "..\Canguru.Core\Canguru.Core.csproj", "{51E9084E-5B33-B64E-B8C1-E36BC7478239}"
EndProject
Project("{FAE04EC0-301F-11D3-BF4B-00C04F79EFBC}") = "Canguru.Business", "..\Canguru.Business\Canguru.Business.csproj", "{E019D3EF-FB74-7C11-7DEB-BB2AAC93722B}"
EndProject
Global
	GlobalSection(SolutionConfigurationPlatforms) = preSolution
		Debug|Any CPU = Debug|Any CPU
		Release|Any CPU = Release|Any CPU
	EndGlobalSection
	GlobalSection(ProjectConfigurationPlatforms) = postSolution
		{FED1CBD3-D2B6-4700-BF7E-2E7999B82FD3}.Debug|Any CPU.ActiveCfg = Debug|Any CPU
		{FED1CBD3-D2B6-4700-BF7E-2E7999B82FD3}.Debug|Any CPU.Build.0 = Debug|Any CPU
		{FED1CBD3-D2B6-4700-BF7E-2E7999B82FD3}.Release|Any CPU.ActiveCfg = Release|Any CPU
		{FED1CBD3-D2B6-4700-BF7E-2E7999B82FD3}.Release|Any CPU.Build.0 = Release|Any CPU
		{51E9084E-5B33-B64E-B8C1-E36BC7478239}.Debug|Any CPU.ActiveCfg = Debug|Any CPU
		{51E9084E-5B33-B64E-B8C1-E36BC7478239}.Debug|Any CPU.Build.0 = Debug|Any CPU
		{51E9084E-5B33-B64E-B8C1-E36BC7478239}.Release|Any CPU.ActiveCfg = Release|Any CPU
		{51E9084E-5B33-B64E-B8C1-E36BC7478239}.Release|Any CPU.Build.0 = Release|Any CPU
		{E019D3EF-FB74-7C11-7DEB-BB2AAC93722B}.Debug|Any CPU.ActiveCfg = Debug|Any CPU
		{E019D3EF-FB74-7C11-7DEB-BB2AAC93722B}.Debug|Any CPU.Build.0 = Debug|Any CPU
		{E019D3EF-FB74-7C11-7DEB-BB2AAC93722B}.Release|Any CPU.ActiveCfg = Release|Any CPU
		{E019D3EF-FB74-7C11-7DEB-BB2AAC93722B}.Release|Any CPU.Build.0 = Release|Any CPU
	EndGlobalSection
	GlobalSection(SolutionProperties) = preSolution
		HideSolutionNode = FALSE
	EndGlobalSection
	GlobalSection(ExtensibilityGlobals) = postSolution
		SolutionGuid = {8F424362-39B5-4AA3-9FB1-2C18F4CF9F36}
	EndGlobalSection
EndGlobal
